{
  "name": "use_app",
  "version": "1.0.0",
  "lockfileVersion": 3,
  "requires": true,
  "packages": {
    "": {
      "name": "use_app",
      "version": "1.0.0",
      "hasInstallScript": true,
      "license": "ISC",
      "dependencies": {
        "@qdraw-components/components": "^0.0.1-rc.1"
      }
    },
    "node_modules/@qdraw-components/components": {
      "version": "0.0.1-rc.1",
      "resolved": "https://pkgs.dev.azure.com/qdraw/_packaging/demo/npm/registry/@qdraw-components/components/-/components-0.0.1-rc.1.tgz",
      "integrity": "sha1-EAd/VlczAjPUZ4qJbF660y/BSIQ=",
      "license": "ISC"
    }
  }
}
